// !$*UTF8*$!
{
	archiveVersion = 1;
	classes = {
	};
	objectVersion = 50;
	objects = {

/* Begin PBXBuildFile section */
		5A4E6528224A1FBA00792245 /* AppDelegate.m in Sources */ = {isa = PBXBuildFile; fileRef = 5A4E6527224A1FBA00792245 /* AppDelegate.m */; };
		5A4E652B224A1FBA00792245 /* ViewController.m in Sources */ = {isa = PBXBuildFile; fileRef = 5A4E652A224A1FBA00792245 /* ViewController.m */; };
		5A4E652E224A1FBA00792245 /* Main.storyboard in Resources */ = {isa = PBXBuildFile; fileRef = 5A4E652C224A1FBA00792245 /* Main.storyboard */; };
		5A4E6531224A1FBA00792245 /* Section8_53_Temperature_Calculator_.xcdatamodeld in Sources */ = {isa = PBXBuildFile; fileRef = 5A4E652F224A1FBA00792245 /* Section8_53_Temperature_Calculator_.xcdatamodeld */; };
		5A4E6533224A1FBD00792245 /* Assets.xcassets in Resources */ = {isa = PBXBuildFile; fileRef = 5A4E6532224A1FBD00792245 /* Assets.xcassets */; };
		5A4E6536224A1FBD00792245 /* LaunchScreen.storyboard in Resources */ = {isa = PBXBuildFile; fileRef = 5A4E6534224A1FBD00792245 /* LaunchScreen.storyboard */; };
		5A4E6539224A1FBD00792245 /* main.m in Sources */ = {isa = PBXBuildFile; fileRef = 5A4E6538224A1FBD00792245 /* main.m */; };
		5A4E6543224A1FBD00792245 /* Section8_53_Temperature_Calculator_Tests.m in Sources */ = {isa = PBXBuildFile; fileRef = 5A4E6542224A1FBD00792245 /* Section8_53_Temperature_Calculator_Tests.m */; };
		5A4E654E224A1FBD00792245 /* Section8_53_Temperature_Calculator_UITests.m in Sources */ = {isa = PBXBuildFile; fileRef = 5A4E654D224A1FBD00792245 /* Section8_53_Temperature_Calculator_UITests.m */; };
/* End PBXBuildFile section */

/* Begin PBXContainerItemProxy section */
		5A4E653F224A1FBD00792245 /* PBXContainerItemProxy */ = {
			isa = PBXContainerItemProxy;
			containerPortal = 5A4E651B224A1FBA00792245 /* Project object */;
			proxyType = 1;
			remoteGlobalIDString = 5A4E6522224A1FBA00792245;
			remoteInfo = "Section8.53(Temperature Calculator)";
		};
		5A4E654A224A1FBD00792245 /* PBXContainerItemProxy */ = {
			isa = PBXContainerItemProxy;
			containerPortal = 5A4E651B224A1FBA00792245 /* Project object */;
			proxyType = 1;
			remoteGlobalIDString = 5A4E6522224A1FBA00792245;
			remoteInfo = "Section8.53(Temperature Calculator)";
		};
/* End PBXContainerItemProxy section */

/* Begin PBXFileReference section */
		5A4E6523224A1FBA00792245 /* Section8.53(Temperature Calculator).app */ = {isa = PBXFileReference; explicitFileType = wrapper.application; includeInIndex = 0; path = "Section8.53(Temperature Calculator).app"; sourceTree = BUILT_PRODUCTS_DIR; };
		5A4E6526224A1FBA00792245 /* AppDelegate.h */ = {isa = PBXFileReference; lastKnownFileType = sourcecode.c.h; path = AppDelegate.h; sourceTree = "<group>"; };
		5A4E6527224A1FBA00792245 /* AppDelegate.m */ = {isa = PBXFileReference; lastKnownFileType = sourcecode.c.objc; path = AppDelegate.m; sourceTree = "<group>"; };
		5A4E6529224A1FBA00792245 /* ViewController.h */ = {isa = PBXFileReference; lastKnownFileType = sourcecode.c.h; path = ViewController.h; sourceTree = "<group>"; };
		5A4E652A224A1FBA00792245 /* ViewController.m */ = {isa = PBXFileReference; lastKnownFileType = sourcecode.c.objc; path = ViewController.m; sourceTree = "<group>"; };
		5A4E652D224A1FBA00792245 /* Base */ = {isa = PBXFileReference; lastKnownFileType = file.storyboard; name = Base; path = Base.lproj/Main.storyboard; sourceTree = "<group>"; };
		5A4E6530224A1FBA00792245 /* Section8_53_Temperature_Calculator_.xcdatamodel */ = {isa = PBXFileReference; lastKnownFileType = wrapper.xcdatamodel; path = Section8_53_Temperature_Calculator_.xcdatamodel; sourceTree = "<group>"; };
		5A4E6532224A1FBD00792245 /* Assets.xcassets */ = {isa = PBXFileReference; lastKnownFileType = folder.assetcatalog; path = Assets.xcassets; sourceTree = "<group>"; };
		5A4E6535224A1FBD00792245 /* Base */ = {isa = PBXFileReference; lastKnownFileType = file.storyboard; name = Base; path = Base.lproj/LaunchScreen.storyboard; sourceTree = "<group>"; };
		5A4E6537224A1FBD00792245 /* Info.plist */ = {isa = PBXFileReference; lastKnownFileType = text.plist.xml; path = Info.plist; sourceTree = "<group>"; };
		5A4E6538224A1FBD00792245 /* main.m */ = {isa = PBXFileReference; lastKnownFileType = sourcecode.c.objc; path = main.m; sourceTree = "<group>"; };
		5A4E653E224A1FBD00792245 /* Section8.53(Temperature Calculator)Tests.xctest */ = {isa = PBXFileReference; explicitFileType = wrapper.cfbundle; includeInIndex = 0; path = "Section8.53(Temperature Calculator)Tests.xctest"; sourceTree = BUILT_PRODUCTS_DIR; };
		5A4E6542224A1FBD00792245 /* Section8_53_Temperature_Calculator_Tests.m */ = {isa = PBXFileReference; lastKnownFileType = sourcecode.c.objc; path = Section8_53_Temperature_Calculator_Tests.m; sourceTree = "<group>"; };
		5A4E6544224A1FBD00792245 /* Info.plist */ = {isa = PBXFileReference; lastKnownFileType = text.plist.xml; path = Info.plist; sourceTree = "<group>"; };
		5A4E6549224A1FBD00792245 /* Section8.53(Temperature Calculator)UITests.xctest */ = {isa = PBXFileReference; explicitFileType = wrapper.cfbundle; includeInIndex = 0; path = "Section8.53(Temperature Calculator)UITests.xctest"; sourceTree = BUILT_PRODUCTS_DIR; };
		5A4E654D224A1FBD00792245 /* Section8_53_Temperature_Calculator_UITests.m */ = {isa = PBXFileReference; lastKnownFileType = sourcecode.c.objc; path = Section8_53_Temperature_Calculator_UITests.m; sourceTree = "<group>"; };
		5A4E654F224A1FBD00792245 /* Info.plist */ = {isa = PBXFileReference; lastKnownFileType = text.plist.xml; path = Info.plist; sourceTree = "<group>"; };
/* End PBXFileReference section */

/* Begin PBXFrameworksBuildPhase section */
		5A4E6520224A1FBA00792245 /* Frameworks */ = {
			isa = PBXFrameworksBuildPhase;
			buildActionMask = 2147483647;
			files = (
			);
			runOnlyForDeploymentPostprocessing = 0;
		};
		5A4E653B224A1FBD00792245 /* Frameworks */ = {
			isa = PBXFrameworksBuildPhase;
			buildActionMask = 2147483647;
			files = (
			);
			runOnlyForDeploymentPostprocessing = 0;
		};
		5A4E6546224A1FBD00792245 /* Frameworks */ = {
			isa = PBXFrameworksBuildPhase;
			buildActionMask = 2147483647;
			files = (
			);
			runOnlyForDeploymentPostprocessing = 0;
		};
/* End PBXFrameworksBuildPhase section */

/* Begin PBXGroup section */
		5A4E651A224A1FBA00792245 = {
			isa = PBXGroup;
			children = (
				5A4E6525224A1FBA00792245 /* Section8.53(Temperature Calculator) */,
				5A4E6541224A1FBD00792245 /* Section8.53(Temperature Calculator)Tests */,
				5A4E654C224A1FBD00792245 /* Section8.53(Temperature Calculator)UITests */,
				5A4E6524224A1FBA00792245 /* Products */,
			);
			sourceTree = "<group>";
		};
		5A4E6524224A1FBA00792245 /* Products */ = {
			isa = PBXGroup;
			children = (
				5A4E6523224A1FBA00792245 /* Section8.53(Temperature Calculator).app */,
				5A4E653E224A1FBD00792245 /* Section8.53(Temperature Calculator)Tests.xctest */,
				5A4E6549224A1FBD00792245 /* Section8.53(Temperature Calculator)UITests.xctest */,
			);
			name = Products;
			sourceTree = "<group>";
		};
		5A4E6525224A1FBA00792245 /* Section8.53(Temperature Calculator) */ = {
			isa = PBXGroup;
			children = (
				5A4E6526224A1FBA00792245 /* AppDelegate.h */,
				5A4E6527224A1FBA00792245 /* AppDelegate.m */,
				5A4E6529224A1FBA00792245 /* ViewController.h */,
				5A4E652A224A1FBA00792245 /* ViewController.m */,
				5A4E652C224A1FBA00792245 /* Main.storyboard */,
				5A4E6532224A1FBD00792245 /* Assets.xcassets */,
				5A4E6534224A1FBD00792245 /* LaunchScreen.storyboard */,
				5A4E6537224A1FBD00792245 /* Info.plist */,
				5A4E6538224A1FBD00792245 /* main.m */,
				5A4E652F224A1FBA00792245 /* Section8_53_Temperature_Calculator_.xcdatamodeld */,
			);
			path = "Section8.53(Temperature Calculator)";
			sourceTree = "<group>";
		};
		5A4E6541224A1FBD00792245 /* Section8.53(Temperature Calculator)Tests */ = {
			isa = PBXGroup;
			children = (
				5A4E6542224A1FBD00792245 /* Section8_53_Temperature_Calculator_Tests.m */,
				5A4E6544224A1FBD00792245 /* Info.plist */,
			);
			path = "Section8.53(Temperature Calculator)Tests";
			sourceTree = "<group>";
		};
		5A4E654C224A1FBD00792245 /* Section8.53(Temperature Calculator)UITests */ = {
			isa = PBXGroup;
			children = (
				5A4E654D224A1FBD00792245 /* Section8_53_Temperature_Calculator_UITests.m */,
				5A4E654F224A1FBD00792245 /* Info.plist */,
			);
			path = "Section8.53(Temperature Calculator)UITests";
			sourceTree = "<group>";
		};
/* End PBXGroup section */

/* Begin PBXNativeTarget section */
		5A4E6522224A1FBA00792245 /* Section8.53(Temperature Calculator) */ = {
			isa = PBXNativeTarget;
			buildConfigurationList = 5A4E6552224A1FBD00792245 /* Build configuration list for PBXNativeTarget "Section8.53(Temperature Calculator)" */;
			buildPhases = (
				5A4E651F224A1FBA00792245 /* Sources */,
				5A4E6520224A1FBA00792245 /* Frameworks */,
				5A4E6521224A1FBA00792245 /* Resources */,
			);
			buildRules = (
			);
			dependencies = (
			);
			name = "Section8.53(Temperature Calculator)";
			productName = "Section8.53(Temperature Calculator)";
			productReference = 5A4E6523224A1FBA00792245 /* Section8.53(Temperature Calculator).app */;
			productType = "com.apple.product-type.application";
		};
		5A4E653D224A1FBD00792245 /* Section8.53(Temperature Calculator)Tests */ = {
			isa = PBXNativeTarget;
			buildConfigurationList = 5A4E6555224A1FBD00792245 /* Build configuration list for PBXNativeTarget "Section8.53(Temperature Calculator)Tests" */;
			buildPhases = (
				5A4E653A224A1FBD00792245 /* Sources */,
				5A4E653B224A1FBD00792245 /* Frameworks */,
				5A4E653C224A1FBD00792245 /* Resources */,
			);
			buildRules = (
			);
			dependencies = (
				5A4E6540224A1FBD00792245 /* PBXTargetDependency */,
			);
			name = "Section8.53(Temperature Calculator)Tests";
			productName = "Section8.53(Temperature Calculator)Tests";
			productReference = 5A4E653E224A1FBD00792245 /* Section8.53(Temperature Calculator)Tests.xctest */;
			productType = "com.apple.product-type.bundle.unit-test";
		};
		5A4E6548224A1FBD00792245 /* Section8.53(Temperature Calculator)UITests */ = {
			isa = PBXNativeTarget;
			buildConfigurationList = 5A4E6558224A1FBD00792245 /* Build configuration list for PBXNativeTarget "Section8.53(Temperature Calculator)UITests" */;
			buildPhases = (
				5A4E6545224A1FBD00792245 /* Sources */,
				5A4E6546224A1FBD00792245 /* Frameworks */,
				5A4E6547224A1FBD00792245 /* Resources */,
			);
			buildRules = (
			);
			dependencies = (
				5A4E654B224A1FBD00792245 /* PBXTargetDependency */,
			);
			name = "Section8.53(Temperature Calculator)UITests";
			productName = "Section8.53(Temperature Calculator)UITests";
			productReference = 5A4E6549224A1FBD00792245 /* Section8.53(Temperature Calculator)UITests.xctest */;
			productType = "com.apple.product-type.bundle.ui-testing";
		};
/* End PBXNativeTarget section */

/* Begin PBXProject section */
		5A4E651B224A1FBA00792245 /* Project object */ = {
			isa = PBXProject;
			attributes = {
				LastUpgradeCheck = 1020;
				ORGANIZATIONNAME = YS;
				TargetAttributes = {
					5A4E6522224A1FBA00792245 = {
						CreatedOnToolsVersion = 10.2;
					};
					5A4E653D224A1FBD00792245 = {
						CreatedOnToolsVersion = 10.2;
						TestTargetID = 5A4E6522224A1FBA00792245;
					};
					5A4E6548224A1FBD00792245 = {
						CreatedOnToolsVersion = 10.2;
						TestTargetID = 5A4E6522224A1FBA00792245;
					};
				};
			};
			buildConfigurationList = 5A4E651E224A1FBA00792245 /* Build configuration list for PBXProject "Section8.53(Temperature Calculator)" */;
			compatibilityVersion = "Xcode 9.3";
			developmentRegion = en;
			hasScannedForEncodings = 0;
			knownRegions = (
				en,
				Base,
			);
			mainGroup = 5A4E651A224A1FBA00792245;
			productRefGroup = 5A4E6524224A1FBA00792245 /* Products */;
			projectDirPath = "";
			projectRoot = "";
			targets = (
				5A4E6522224A1FBA00792245 /* Section8.53(Temperature Calculator) */,
				5A4E653D224A1FBD00792245 /* Section8.53(Temperature Calculator)Tests */,
				5A4E6548224A1FBD00792245 /* Section8.53(Temperature Calculator)UITests */,
			);
		};
/* End PBXProject section */

/* Begin PBXResourcesBuildPhase section */
		5A4E6521224A1FBA00792245 /* Resources */ = {
			isa = PBXResourcesBuildPhase;
			buildActionMask = 2147483647;
			files = (
				5A4E6536224A1FBD00792245 /* LaunchScreen.storyboard in Resources */,
				5A4E6533224A1FBD00792245 /* Assets.xcassets in Resources */,
				5A4E652E224A1FBA00792245 /* Main.storyboard in Resources */,
			);
			runOnlyForDeploymentPostprocessing = 0;
		};
		5A4E653C224A1FBD00792245 /* Resources */ = {
			isa = PBXResourcesBuildPhase;
			buildActionMask = 2147483647;
			files = (
			);
			runOnlyForDeploymentPostprocessing = 0;
		};
		5A4E6547224A1FBD00792245 /* Resources */ = {
			isa = PBXResourcesBuildPhase;
			buildActionMask = 2147483647;
			files = (
			);
			runOnlyForDeploymentPostprocessing = 0;
		};
/* End PBXResourcesBuildPhase section */

/* Begin PBXSourcesBuildPhase section */
		5A4E651F224A1FBA00792245 /* Sources */ = {
			isa = PBXSourcesBuildPhase;
			buildActionMask = 2147483647;
			files = (
				5A4E652B224A1FBA00792245 /* ViewController.m in Sources */,
				5A4E6531224A1FBA00792245 /* Section8_53_Temperature_Calculator_.xcdatamodeld in Sources */,
				5A4E6539224A1FBD00792245 /* main.m in Sources */,
				5A4E6528224A1FBA00792245 /* AppDelegate.m in Sources */,
			);
			runOnlyForDeploymentPostprocessing = 0;
		};
		5A4E653A224A1FBD00792245 /* Sources */ = {
			isa = PBXSourcesBuildPhase;
			buildActionMask = 2147483647;
			files = (
				5A4E6543224A1FBD00792245 /* Section8_53_Temperature_Calculator_Tests.m in Sources */,
			);
			runOnlyForDeploymentPostprocessing = 0;
		};
		5A4E6545224A1FBD00792245 /* Sources */ = {
			isa = PBXSourcesBuildPhase;
			buildActionMask = 2147483647;
			files = (
				5A4E654E224A1FBD00792245 /* Section8_53_Temperature_Calculator_UITests.m in Sources */,
			);
			runOnlyForDeploymentPostprocessing = 0;
		};
/* End PBXSourcesBuildPhase section */

/* Begin PBXTargetDependency section */
		5A4E6540224A1FBD00792245 /* PBXTargetDependency */ = {
			isa = PBXTargetDependency;
			target = 5A4E6522224A1FBA00792245 /* Section8.53(Temperature Calculator) */;
			targetProxy = 5A4E653F224A1FBD00792245 /* PBXContainerItemProxy */;
		};
		5A4E654B224A1FBD00792245 /* PBXTargetDependency */ = {
			isa = PBXTargetDependency;
			target = 5A4E6522224A1FBA00792245 /* Section8.53(Temperature Calculator) */;
			targetProxy = 5A4E654A224A1FBD00792245 /* PBXContainerItemProxy */;
		};
/* End PBXTargetDependency section */

/* Begin PBXVariantGroup section */
		5A4E652C224A1FBA00792245 /* Main.storyboard */ = {
			isa = PBXVariantGroup;
			children = (
				5A4E652D224A1FBA00792245 /* Base */,
			);
			name = Main.storyboard;
			sourceTree = "<group>";
		};
		5A4E6534224A1FBD00792245 /* LaunchScreen.storyboard */ = {
			isa = PBXVariantGroup;
			children = (
				5A4E6535224A1FBD00792245 /* Base */,
			);
			name = LaunchScreen.storyboard;
			sourceTree = "<group>";
		};
/* End PBXVariantGroup section */

/* Begin XCBuildConfiguration section */
		5A4E6550224A1FBD00792245 /* Debug */ = {
			isa = XCBuildConfiguration;
			buildSettings = {
				ALWAYS_SEARCH_USER_PATHS = NO;
				CLANG_ANALYZER_NONNULL = YES;
				CLANG_ANALYZER_NUMBER_OBJECT_CONVERSION = YES_AGGRESSIVE;
				CLANG_CXX_LANGUAGE_STANDARD = "gnu++14";
				CLANG_CXX_LIBRARY = "libc++";
				CLANG_ENABLE_MODULES = YES;
				CLANG_ENABLE_OBJC_ARC = YES;
				CLANG_ENABLE_OBJC_WEAK = YES;
				CLANG_WARN_BLOCK_CAPTURE_AUTORELEASING = YES;
				CLANG_WARN_BOOL_CONVERSION = YES;
				CLANG_WARN_COMMA = YES;
				CLANG_WARN_CONSTANT_CONVERSION = YES;
				CLANG_WARN_DEPRECATED_OBJC_IMPLEMENTATIONS = YES;
				CLANG_WARN_DIRECT_OBJC_ISA_USAGE = YES_ERROR;
				CLANG_WARN_DOCUMENTATION_COMMENTS = YES;
				CLANG_WARN_EMPTY_BODY = YES;
				CLANG_WARN_ENUM_CONVERSION = YES;
				CLANG_WARN_INFINITE_RECURSION = YES;
				CLANG_WARN_INT_CONVERSION = YES;
				CLANG_WARN_NON_LITERAL_NULL_CONVERSION = YES;
				CLANG_WARN_OBJC_IMPLICIT_RETAIN_SELF = YES;
				CLANG_WARN_OBJC_LITERAL_CONVERSION = YES;
				CLANG_WARN_OBJC_ROOT_CLASS = YES_ERROR;
				CLANG_WARN_RANGE_LOOP_ANALYSIS = YES;
				CLANG_WARN_STRICT_PROTOTYPES = YES;
				CLANG_WARN_SUSPICIOUS_MOVE = YES;
				CLANG_WARN_UNGUARDED_AVAILABILITY = YES_AGGRESSIVE;
				CLANG_WARN_UNREACHABLE_CODE = YES;
				CLANG_WARN__DUPLICATE_METHOD_MATCH = YES;
				CODE_SIGN_IDENTITY = "iPhone Developer";
				COPY_PHASE_STRIP = NO;
				DEBUG_INFORMATION_FORMAT = dwarf;
				ENABLE_STRICT_OBJC_MSGSEND = YES;
				ENABLE_TESTABILITY = YES;
				GCC_C_LANGUAGE_STANDARD = gnu11;
				GCC_DYNAMIC_NO_PIC = NO;
				GCC_NO_COMMON_BLOCKS = YES;
				GCC_OPTIMIZATION_LEVEL = 0;
				GCC_PREPROCESSOR_DEFINITIONS = (
					"DEBUG=1",
					"$(inherited)",
				);
				GCC_WARN_64_TO_32_BIT_CONVERSION = YES;
				GCC_WARN_ABOUT_RETURN_TYPE = YES_ERROR;
				GCC_WARN_UNDECLARED_SELECTOR = YES;
				GCC_WARN_UNINITIALIZED_AUTOS = YES_AGGRESSIVE;
				GCC_WARN_UNUSED_FUNCTION = YES;
				GCC_WARN_UNUSED_VARIABLE = YES;
				IPHONEOS_DEPLOYMENT_TARGET = 12.2;
				MTL_ENABLE_DEBUG_INFO = INCLUDE_SOURCE;
				MTL_FAST_MATH = YES;
				ONLY_ACTIVE_ARCH = YES;
				SDKROOT = iphoneos;
			};
			name = Debug;
		};
		5A4E6551224A1FBD00792245 /* Release */ = {
			isa = XCBuildConfiguration;
			buildSettings = {
				ALWAYS_SEARCH_USER_PATHS = NO;
				CLANG_ANALYZER_NONNULL = YES;
				CLANG_ANALYZER_NUMBER_OBJECT_CONVERSION = YES_AGGRESSIVE;
				CLANG_CXX_LANGUAGE_STANDARD = "gnu++14";
				CLANG_CXX_LIBRARY = "libc++";
				CLANG_ENABLE_MODULES = YES;
				CLANG_ENABLE_OBJC_ARC = YES;
				CLANG_ENABLE_OBJC_WEAK = YES;
				CLANG_WARN_BLOCK_CAPTURE_AUTORELEASING = YES;
				CLANG_WARN_BOOL_CONVERSION = YES;
				CLANG_WARN_COMMA = YES;
				CLANG_WARN_CONSTANT_CONVERSION = YES;
				CLANG_WARN_DEPRECATED_OBJC_IMPLEMENTATIONS = YES;
				CLANG_WARN_DIRECT_OBJC_ISA_USAGE = YES_ERROR;
				CLANG_WARN_DOCUMENTATION_COMMENTS = YES;
				CLANG_WARN_EMPTY_BODY = YES;
				CLANG_WARN_ENUM_CONVERSION = YES;
				CLANG_WARN_INFINITE_RECURSION = YES;
				CLANG_WARN_INT_CONVERSION = YES;
				CLANG_WARN_NON_LITERAL_NULL_CONVERSION = YES;
				CLANG_WARN_OBJC_IMPLICIT_RETAIN_SELF = YES;
				CLANG_WARN_OBJC_LITERAL_CONVERSION = YES;
				CLANG_WARN_OBJC_ROOT_CLASS = YES_ERROR;
				CLANG_WARN_RANGE_LOOP_ANALYSIS = YES;
				CLANG_WARN_STRICT_PROTOTYPES = YES;
				CLANG_WARN_SUSPICIOUS_MOVE = YES;
				CLANG_WARN_UNGUARDED_AVAILABILITY = YES_AGGRESSIVE;
				CLANG_WARN_UNREACHABLE_CODE = YES;
				CLANG_WARN__DUPLICATE_METHOD_MATCH = YES;
				CODE_SIGN_IDENTITY = "iPhone Developer";
				COPY_PHASE_STRIP = NO;
				DEBUG_INFORMATION_FORMAT = "dwarf-with-dsym";
				ENABLE_NS_ASSERTIONS = NO;
				ENABLE_STRICT_OBJC_MSGSEND = YES;
				GCC_C_LANGUAGE_STANDARD = gnu11;
				GCC_NO_COMMON_BLOCKS = YES;
				GCC_WARN_64_TO_32_BIT_CONVERSION = YES;
				GCC_WARN_ABOUT_RETURN_TYPE = YES_ERROR;
				GCC_WARN_UNDECLARED_SELECTOR = YES;
				GCC_WARN_UNINITIALIZED_AUTOS = YES_AGGRESSIVE;
				GCC_WARN_UNUSED_FUNCTION = YES;
				GCC_WARN_UNUSED_VARIABLE = YES;
				IPHONEOS_DEPLOYMENT_TARGET = 12.2;
				MTL_ENABLE_DEBUG_INFO = NO;
				MTL_FAST_MATH = YES;
				SDKROOT = iphoneos;
				VALIDATE_PRODUCT = YES;
			};
			name = Release;
		};
		5A4E6553224A1FBD00792245 /* Debug */ = {
			isa = XCBuildConfiguration;
			buildSettings = {
				ASSETCATALOG_COMPILER_APPICON_NAME = AppIcon;
				CODE_SIGN_STYLE = Automatic;
				DEVELOPMENT_TEAM = N49T88F69F;
				INFOPLIST_FILE = "Section8.53(Temperature Calculator)/Info.plist";
				LD_RUNPATH_SEARCH_PATHS = (
					"$(inherited)",
					"@executable_path/Frameworks",
				);
				PRODUCT_BUNDLE_IDENTIFIER = "com.Section8-53-Temperature-Calculator-";
				PRODUCT_NAME = "$(TARGET_NAME)";
				TARGETED_DEVICE_FAMILY = "1,2";
			};
			name = Debug;
		};
		5A4E6554224A1FBD00792245 /* Release */ = {
			isa = XCBuildConfiguration;
			buildSettings = {
				ASSETCATALOG_COMPILER_APPICON_NAME = AppIcon;
				CODE_SIGN_STYLE = Automatic;
				DEVELOPMENT_TEAM = N49T88F69F;
				INFOPLIST_FILE = "Section8.53(Temperature Calculator)/Info.plist";
				LD_RUNPATH_SEARCH_PATHS = (
					"$(inherited)",
					"@executable_path/Frameworks",
				);
				PRODUCT_BUNDLE_IDENTIFIER = "com.Section8-53-Temperature-Calculator-";
				PRODUCT_NAME = "$(TARGET_NAME)";
				TARGETED_DEVICE_FAMILY = "1,2";
			};
			name = Release;
		};
		5A4E6556224A1FBD00792245 /* Debug */ = {
			isa = XCBuildConfiguration;
			buildSettings = {
				BUNDLE_LOADER = "$(TEST_HOST)";
				CODE_SIGN_STYLE = Automatic;
				DEVELOPMENT_TEAM = N49T88F69F;
				INFOPLIST_FILE = "Section8.53(Temperature Calculator)Tests/Info.plist";
				LD_RUNPATH_SEARCH_PATHS = (
					"$(inherited)",
					"@executable_path/Frameworks",
					"@loader_path/Frameworks",
				);
				PRODUCT_BUNDLE_IDENTIFIER = "com.Section8-53-Temperature-Calculator-Tests";
				PRODUCT_NAME = "$(TARGET_NAME)";
				TARGETED_DEVICE_FAMILY = "1,2";
				TEST_HOST = "$(BUILT_PRODUCTS_DIR)/Section8.53(Temperature Calculator).app/Section8.53(Temperature Calculator)";
			};
			name = Debug;
		};
		5A4E6557224A1FBD00792245 /* Release */ = {
			isa = XCBuildConfiguration;
			buildSettings = {
				BUNDLE_LOADER = "$(TEST_HOST)";
				CODE_SIGN_STYLE = Automatic;
				DEVELOPMENT_TEAM = N49T88F69F;
				INFOPLIST_FILE = "Section8.53(Temperature Calculator)Tests/Info.plist";
				LD_RUNPATH_SEARCH_PATHS = (
					"$(inherited)",
					"@executable_path/Frameworks",
					"@loader_path/Frameworks",
				);
				PRODUCT_BUNDLE_IDENTIFIER = "com.Section8-53-Temperature-Calculator-Tests";
				PRODUCT_NAME = "$(TARGET_NAME)";
				TARGETED_DEVICE_FAMILY = "1,2";
				TEST_HOST = "$(BUILT_PRODUCTS_DIR)/Section8.53(Temperature Calculator).app/Section8.53(Temperature Calculator)";
			};
			name = Release;
		};
		5A4E6559224A1FBD00792245 /* Debug */ = {
			isa = XCBuildConfiguration;
			buildSettings = {
				CODE_SIGN_STYLE = Automatic;
				DEVELOPMENT_TEAM = N49T88F69F;
				INFOPLIST_FILE = "Section8.53(Temperature Calculator)UITests/Info.plist";
				LD_RUNPATH_SEARCH_PATHS = (
					"$(inherited)",
					"@executable_path/Frameworks",
					"@loader_path/Frameworks",
				);
				PRODUCT_BUNDLE_IDENTIFIER = "com.Section8-53-Temperature-Calculator-UITests";
				PRODUCT_NAME = "$(TARGET_NAME)";
				TARGETED_DEVICE_FAMILY = "1,2";
				TEST_TARGET_NAME = "Section8.53(Temperature Calculator)";
			};
			name = Debug;
		};
		5A4E655A224A1FBD00792245 /* Release */ = {
			isa = XCBuildConfiguration;
			buildSettings = {
				CODE_SIGN_STYLE = Automatic;
				DEVELOPMENT_TEAM = N49T88F69F;
				INFOPLIST_FILE = "Section8.53(Temperature Calculator)UITests/Info.plist";
				LD_RUNPATH_SEARCH_PATHS = (
					"$(inherited)",
					"@executable_path/Frameworks",
					"@loader_path/Frameworks",
				);
				PRODUCT_BUNDLE_IDENTIFIER = "com.Section8-53-Temperature-Calculator-UITests";
				PRODUCT_NAME = "$(TARGET_NAME)";
				TARGETED_DEVICE_FAMILY = "1,2";
				TEST_TARGET_NAME = "Section8.53(Temperature Calculator)";
			};
			name = Release;
		};
/* End XCBuildConfiguration section */

/* Begin XCConfigurationList section */
		5A4E651E224A1FBA00792245 /* Build configuration list for PBXProject "Section8.53(Temperature Calculator)" */ = {
			isa = XCConfigurationList;
			buildConfigurations = (
				5A4E6550224A1FBD00792245 /* Debug */,
				5A4E6551224A1FBD00792245 /* Release */,
			);
			defaultConfigurationIsVisible = 0;
			defaultConfigurationName = Release;
		};
		5A4E6552224A1FBD00792245 /* Build configuration list for PBXNativeTarget "Section8.53(Temperature Calculator)" */ = {
			isa = XCConfigurationList;
			buildConfigurations = (
				5A4E6553224A1FBD00792245 /* Debug */,
				5A4E6554224A1FBD00792245 /* Release */,
			);
			defaultConfigurationIsVisible = 0;
			defaultConfigurationName = Release;
		};
		5A4E6555224A1FBD00792245 /* Build configuration list for PBXNativeTarget "Section8.53(Temperature Calculator)Tests" */ = {
			isa = XCConfigurationList;
			buildConfigurations = (
				5A4E6556224A1FBD00792245 /* Debug */,
				5A4E6557224A1FBD00792245 /* Release */,
			);
			defaultConfigurationIsVisible = 0;
			defaultConfigurationName = Release;
		};
		5A4E6558224A1FBD00792245 /* Build configuration list for PBXNativeTarget "Section8.53(Temperature Calculator)UITests" */ = {
			isa = XCConfigurationList;
			buildConfigurations = (
				5A4E6559224A1FBD00792245 /* Debug */,
				5A4E655A224A1FBD00792245 /* Release */,
			);
			defaultConfigurationIsVisible = 0;
			defaultConfigurationName = Release;
		};
/* End XCConfigurationList section */

/* Begin XCVersionGroup section */
		5A4E652F224A1FBA00792245 /* Section8_53_Temperature_Calculator_.xcdatamodeld */ = {
			isa = XCVersionGroup;
			children = (
				5A4E6530224A1FBA00792245 /* Section8_53_Temperature_Calculator_.xcdatamodel */,
			);
			currentVersion = 5A4E6530224A1FBA00792245 /* Section8_53_Temperature_Calculator_.xcdatamodel */;
			path = Section8_53_Temperature_Calculator_.xcdatamodeld;
			sourceTree = "<group>";
			versionGroupType = wrapper.xcdatamodel;
		};
/* End XCVersionGroup section */
	};
	rootObject = 5A4E651B224A1FBA00792245 /* Project object */;
}
