// !$*UTF8*$!
{
	archiveVersion = 1;
	classes = {
	};
	objectVersion = 50;
	objects = {

/* Begin PBXBuildFile section */
		5AE355692251B8B200C07D99 /* AppDelegate.m in Sources */ = {isa = PBXBuildFile; fileRef = 5AE355682251B8B200C07D99 /* AppDelegate.m */; };
		5AE3556C2251B8B200C07D99 /* ViewController.m in Sources */ = {isa = PBXBuildFile; fileRef = 5AE3556B2251B8B200C07D99 /* ViewController.m */; };
		5AE3556F2251B8B200C07D99 /* Main.storyboard in Resources */ = {isa = PBXBuildFile; fileRef = 5AE3556D2251B8B200C07D99 /* Main.storyboard */; };
		5AE355722251B8B200C07D99 /* Section21_121_PhoneCall_.xcdatamodeld in Sources */ = {isa = PBXBuildFile; fileRef = 5AE355702251B8B200C07D99 /* Section21_121_PhoneCall_.xcdatamodeld */; };
		5AE355742251B8B300C07D99 /* Assets.xcassets in Resources */ = {isa = PBXBuildFile; fileRef = 5AE355732251B8B300C07D99 /* Assets.xcassets */; };
		5AE355772251B8B300C07D99 /* LaunchScreen.storyboard in Resources */ = {isa = PBXBuildFile; fileRef = 5AE355752251B8B300C07D99 /* LaunchScreen.storyboard */; };
		5AE3557A2251B8B300C07D99 /* main.m in Sources */ = {isa = PBXBuildFile; fileRef = 5AE355792251B8B300C07D99 /* main.m */; };
		5AE355842251B8B300C07D99 /* Section21_121_PhoneCall_Tests.m in Sources */ = {isa = PBXBuildFile; fileRef = 5AE355832251B8B300C07D99 /* Section21_121_PhoneCall_Tests.m */; };
		5AE3558F2251B8B300C07D99 /* Section21_121_PhoneCall_UITests.m in Sources */ = {isa = PBXBuildFile; fileRef = 5AE3558E2251B8B300C07D99 /* Section21_121_PhoneCall_UITests.m */; };
/* End PBXBuildFile section */

/* Begin PBXContainerItemProxy section */
		5AE355802251B8B300C07D99 /* PBXContainerItemProxy */ = {
			isa = PBXContainerItemProxy;
			containerPortal = 5AE3555C2251B8B200C07D99 /* Project object */;
			proxyType = 1;
			remoteGlobalIDString = 5AE355632251B8B200C07D99;
			remoteInfo = "Section21.121(PhoneCall)";
		};
		5AE3558B2251B8B300C07D99 /* PBXContainerItemProxy */ = {
			isa = PBXContainerItemProxy;
			containerPortal = 5AE3555C2251B8B200C07D99 /* Project object */;
			proxyType = 1;
			remoteGlobalIDString = 5AE355632251B8B200C07D99;
			remoteInfo = "Section21.121(PhoneCall)";
		};
/* End PBXContainerItemProxy section */

/* Begin PBXFileReference section */
		5AE355642251B8B200C07D99 /* Section21.121(PhoneCall).app */ = {isa = PBXFileReference; explicitFileType = wrapper.application; includeInIndex = 0; path = "Section21.121(PhoneCall).app"; sourceTree = BUILT_PRODUCTS_DIR; };
		5AE355672251B8B200C07D99 /* AppDelegate.h */ = {isa = PBXFileReference; lastKnownFileType = sourcecode.c.h; path = AppDelegate.h; sourceTree = "<group>"; };
		5AE355682251B8B200C07D99 /* AppDelegate.m */ = {isa = PBXFileReference; lastKnownFileType = sourcecode.c.objc; path = AppDelegate.m; sourceTree = "<group>"; };
		5AE3556A2251B8B200C07D99 /* ViewController.h */ = {isa = PBXFileReference; lastKnownFileType = sourcecode.c.h; path = ViewController.h; sourceTree = "<group>"; };
		5AE3556B2251B8B200C07D99 /* ViewController.m */ = {isa = PBXFileReference; lastKnownFileType = sourcecode.c.objc; path = ViewController.m; sourceTree = "<group>"; };
		5AE3556E2251B8B200C07D99 /* Base */ = {isa = PBXFileReference; lastKnownFileType = file.storyboard; name = Base; path = Base.lproj/Main.storyboard; sourceTree = "<group>"; };
		5AE355712251B8B200C07D99 /* Section21_121_PhoneCall_.xcdatamodel */ = {isa = PBXFileReference; lastKnownFileType = wrapper.xcdatamodel; path = Section21_121_PhoneCall_.xcdatamodel; sourceTree = "<group>"; };
		5AE355732251B8B300C07D99 /* Assets.xcassets */ = {isa = PBXFileReference; lastKnownFileType = folder.assetcatalog; path = Assets.xcassets; sourceTree = "<group>"; };
		5AE355762251B8B300C07D99 /* Base */ = {isa = PBXFileReference; lastKnownFileType = file.storyboard; name = Base; path = Base.lproj/LaunchScreen.storyboard; sourceTree = "<group>"; };
		5AE355782251B8B300C07D99 /* Info.plist */ = {isa = PBXFileReference; lastKnownFileType = text.plist.xml; path = Info.plist; sourceTree = "<group>"; };
		5AE355792251B8B300C07D99 /* main.m */ = {isa = PBXFileReference; lastKnownFileType = sourcecode.c.objc; path = main.m; sourceTree = "<group>"; };
		5AE3557F2251B8B300C07D99 /* Section21.121(PhoneCall)Tests.xctest */ = {isa = PBXFileReference; explicitFileType = wrapper.cfbundle; includeInIndex = 0; path = "Section21.121(PhoneCall)Tests.xctest"; sourceTree = BUILT_PRODUCTS_DIR; };
		5AE355832251B8B300C07D99 /* Section21_121_PhoneCall_Tests.m */ = {isa = PBXFileReference; lastKnownFileType = sourcecode.c.objc; path = Section21_121_PhoneCall_Tests.m; sourceTree = "<group>"; };
		5AE355852251B8B300C07D99 /* Info.plist */ = {isa = PBXFileReference; lastKnownFileType = text.plist.xml; path = Info.plist; sourceTree = "<group>"; };
		5AE3558A2251B8B300C07D99 /* Section21.121(PhoneCall)UITests.xctest */ = {isa = PBXFileReference; explicitFileType = wrapper.cfbundle; includeInIndex = 0; path = "Section21.121(PhoneCall)UITests.xctest"; sourceTree = BUILT_PRODUCTS_DIR; };
		5AE3558E2251B8B300C07D99 /* Section21_121_PhoneCall_UITests.m */ = {isa = PBXFileReference; lastKnownFileType = sourcecode.c.objc; path = Section21_121_PhoneCall_UITests.m; sourceTree = "<group>"; };
		5AE355902251B8B300C07D99 /* Info.plist */ = {isa = PBXFileReference; lastKnownFileType = text.plist.xml; path = Info.plist; sourceTree = "<group>"; };
/* End PBXFileReference section */

/* Begin PBXFrameworksBuildPhase section */
		5AE355612251B8B200C07D99 /* Frameworks */ = {
			isa = PBXFrameworksBuildPhase;
			buildActionMask = 2147483647;
			files = (
			);
			runOnlyForDeploymentPostprocessing = 0;
		};
		5AE3557C2251B8B300C07D99 /* Frameworks */ = {
			isa = PBXFrameworksBuildPhase;
			buildActionMask = 2147483647;
			files = (
			);
			runOnlyForDeploymentPostprocessing = 0;
		};
		5AE355872251B8B300C07D99 /* Frameworks */ = {
			isa = PBXFrameworksBuildPhase;
			buildActionMask = 2147483647;
			files = (
			);
			runOnlyForDeploymentPostprocessing = 0;
		};
/* End PBXFrameworksBuildPhase section */

/* Begin PBXGroup section */
		5AE3555B2251B8B200C07D99 = {
			isa = PBXGroup;
			children = (
				5AE355662251B8B200C07D99 /* Section21.121(PhoneCall) */,
				5AE355822251B8B300C07D99 /* Section21.121(PhoneCall)Tests */,
				5AE3558D2251B8B300C07D99 /* Section21.121(PhoneCall)UITests */,
				5AE355652251B8B200C07D99 /* Products */,
			);
			sourceTree = "<group>";
		};
		5AE355652251B8B200C07D99 /* Products */ = {
			isa = PBXGroup;
			children = (
				5AE355642251B8B200C07D99 /* Section21.121(PhoneCall).app */,
				5AE3557F2251B8B300C07D99 /* Section21.121(PhoneCall)Tests.xctest */,
				5AE3558A2251B8B300C07D99 /* Section21.121(PhoneCall)UITests.xctest */,
			);
			name = Products;
			sourceTree = "<group>";
		};
		5AE355662251B8B200C07D99 /* Section21.121(PhoneCall) */ = {
			isa = PBXGroup;
			children = (
				5AE355672251B8B200C07D99 /* AppDelegate.h */,
				5AE355682251B8B200C07D99 /* AppDelegate.m */,
				5AE3556A2251B8B200C07D99 /* ViewController.h */,
				5AE3556B2251B8B200C07D99 /* ViewController.m */,
				5AE3556D2251B8B200C07D99 /* Main.storyboard */,
				5AE355732251B8B300C07D99 /* Assets.xcassets */,
				5AE355752251B8B300C07D99 /* LaunchScreen.storyboard */,
				5AE355782251B8B300C07D99 /* Info.plist */,
				5AE355792251B8B300C07D99 /* main.m */,
				5AE355702251B8B200C07D99 /* Section21_121_PhoneCall_.xcdatamodeld */,
			);
			path = "Section21.121(PhoneCall)";
			sourceTree = "<group>";
		};
		5AE355822251B8B300C07D99 /* Section21.121(PhoneCall)Tests */ = {
			isa = PBXGroup;
			children = (
				5AE355832251B8B300C07D99 /* Section21_121_PhoneCall_Tests.m */,
				5AE355852251B8B300C07D99 /* Info.plist */,
			);
			path = "Section21.121(PhoneCall)Tests";
			sourceTree = "<group>";
		};
		5AE3558D2251B8B300C07D99 /* Section21.121(PhoneCall)UITests */ = {
			isa = PBXGroup;
			children = (
				5AE3558E2251B8B300C07D99 /* Section21_121_PhoneCall_UITests.m */,
				5AE355902251B8B300C07D99 /* Info.plist */,
			);
			path = "Section21.121(PhoneCall)UITests";
			sourceTree = "<group>";
		};
/* End PBXGroup section */

/* Begin PBXNativeTarget section */
		5AE355632251B8B200C07D99 /* Section21.121(PhoneCall) */ = {
			isa = PBXNativeTarget;
			buildConfigurationList = 5AE355932251B8B300C07D99 /* Build configuration list for PBXNativeTarget "Section21.121(PhoneCall)" */;
			buildPhases = (
				5AE355602251B8B200C07D99 /* Sources */,
				5AE355612251B8B200C07D99 /* Frameworks */,
				5AE355622251B8B200C07D99 /* Resources */,
			);
			buildRules = (
			);
			dependencies = (
			);
			name = "Section21.121(PhoneCall)";
			productName = "Section21.121(PhoneCall)";
			productReference = 5AE355642251B8B200C07D99 /* Section21.121(PhoneCall).app */;
			productType = "com.apple.product-type.application";
		};
		5AE3557E2251B8B300C07D99 /* Section21.121(PhoneCall)Tests */ = {
			isa = PBXNativeTarget;
			buildConfigurationList = 5AE355962251B8B300C07D99 /* Build configuration list for PBXNativeTarget "Section21.121(PhoneCall)Tests" */;
			buildPhases = (
				5AE3557B2251B8B300C07D99 /* Sources */,
				5AE3557C2251B8B300C07D99 /* Frameworks */,
				5AE3557D2251B8B300C07D99 /* Resources */,
			);
			buildRules = (
			);
			dependencies = (
				5AE355812251B8B300C07D99 /* PBXTargetDependency */,
			);
			name = "Section21.121(PhoneCall)Tests";
			productName = "Section21.121(PhoneCall)Tests";
			productReference = 5AE3557F2251B8B300C07D99 /* Section21.121(PhoneCall)Tests.xctest */;
			productType = "com.apple.product-type.bundle.unit-test";
		};
		5AE355892251B8B300C07D99 /* Section21.121(PhoneCall)UITests */ = {
			isa = PBXNativeTarget;
			buildConfigurationList = 5AE355992251B8B300C07D99 /* Build configuration list for PBXNativeTarget "Section21.121(PhoneCall)UITests" */;
			buildPhases = (
				5AE355862251B8B300C07D99 /* Sources */,
				5AE355872251B8B300C07D99 /* Frameworks */,
				5AE355882251B8B300C07D99 /* Resources */,
			);
			buildRules = (
			);
			dependencies = (
				5AE3558C2251B8B300C07D99 /* PBXTargetDependency */,
			);
			name = "Section21.121(PhoneCall)UITests";
			productName = "Section21.121(PhoneCall)UITests";
			productReference = 5AE3558A2251B8B300C07D99 /* Section21.121(PhoneCall)UITests.xctest */;
			productType = "com.apple.product-type.bundle.ui-testing";
		};
/* End PBXNativeTarget section */

/* Begin PBXProject section */
		5AE3555C2251B8B200C07D99 /* Project object */ = {
			isa = PBXProject;
			attributes = {
				LastUpgradeCheck = 1020;
				ORGANIZATIONNAME = YS;
				TargetAttributes = {
					5AE355632251B8B200C07D99 = {
						CreatedOnToolsVersion = 10.2;
					};
					5AE3557E2251B8B300C07D99 = {
						CreatedOnToolsVersion = 10.2;
						TestTargetID = 5AE355632251B8B200C07D99;
					};
					5AE355892251B8B300C07D99 = {
						CreatedOnToolsVersion = 10.2;
						TestTargetID = 5AE355632251B8B200C07D99;
					};
				};
			};
			buildConfigurationList = 5AE3555F2251B8B200C07D99 /* Build configuration list for PBXProject "Section21.121(PhoneCall)" */;
			compatibilityVersion = "Xcode 9.3";
			developmentRegion = en;
			hasScannedForEncodings = 0;
			knownRegions = (
				en,
				Base,
			);
			mainGroup = 5AE3555B2251B8B200C07D99;
			productRefGroup = 5AE355652251B8B200C07D99 /* Products */;
			projectDirPath = "";
			projectRoot = "";
			targets = (
				5AE355632251B8B200C07D99 /* Section21.121(PhoneCall) */,
				5AE3557E2251B8B300C07D99 /* Section21.121(PhoneCall)Tests */,
				5AE355892251B8B300C07D99 /* Section21.121(PhoneCall)UITests */,
			);
		};
/* End PBXProject section */

/* Begin PBXResourcesBuildPhase section */
		5AE355622251B8B200C07D99 /* Resources */ = {
			isa = PBXResourcesBuildPhase;
			buildActionMask = 2147483647;
			files = (
				5AE355772251B8B300C07D99 /* LaunchScreen.storyboard in Resources */,
				5AE355742251B8B300C07D99 /* Assets.xcassets in Resources */,
				5AE3556F2251B8B200C07D99 /* Main.storyboard in Resources */,
			);
			runOnlyForDeploymentPostprocessing = 0;
		};
		5AE3557D2251B8B300C07D99 /* Resources */ = {
			isa = PBXResourcesBuildPhase;
			buildActionMask = 2147483647;
			files = (
			);
			runOnlyForDeploymentPostprocessing = 0;
		};
		5AE355882251B8B300C07D99 /* Resources */ = {
			isa = PBXResourcesBuildPhase;
			buildActionMask = 2147483647;
			files = (
			);
			runOnlyForDeploymentPostprocessing = 0;
		};
/* End PBXResourcesBuildPhase section */

/* Begin PBXSourcesBuildPhase section */
		5AE355602251B8B200C07D99 /* Sources */ = {
			isa = PBXSourcesBuildPhase;
			buildActionMask = 2147483647;
			files = (
				5AE355722251B8B200C07D99 /* Section21_121_PhoneCall_.xcdatamodeld in Sources */,
				5AE3556C2251B8B200C07D99 /* ViewController.m in Sources */,
				5AE3557A2251B8B300C07D99 /* main.m in Sources */,
				5AE355692251B8B200C07D99 /* AppDelegate.m in Sources */,
			);
			runOnlyForDeploymentPostprocessing = 0;
		};
		5AE3557B2251B8B300C07D99 /* Sources */ = {
			isa = PBXSourcesBuildPhase;
			buildActionMask = 2147483647;
			files = (
				5AE355842251B8B300C07D99 /* Section21_121_PhoneCall_Tests.m in Sources */,
			);
			runOnlyForDeploymentPostprocessing = 0;
		};
		5AE355862251B8B300C07D99 /* Sources */ = {
			isa = PBXSourcesBuildPhase;
			buildActionMask = 2147483647;
			files = (
				5AE3558F2251B8B300C07D99 /* Section21_121_PhoneCall_UITests.m in Sources */,
			);
			runOnlyForDeploymentPostprocessing = 0;
		};
/* End PBXSourcesBuildPhase section */

/* Begin PBXTargetDependency section */
		5AE355812251B8B300C07D99 /* PBXTargetDependency */ = {
			isa = PBXTargetDependency;
			target = 5AE355632251B8B200C07D99 /* Section21.121(PhoneCall) */;
			targetProxy = 5AE355802251B8B300C07D99 /* PBXContainerItemProxy */;
		};
		5AE3558C2251B8B300C07D99 /* PBXTargetDependency */ = {
			isa = PBXTargetDependency;
			target = 5AE355632251B8B200C07D99 /* Section21.121(PhoneCall) */;
			targetProxy = 5AE3558B2251B8B300C07D99 /* PBXContainerItemProxy */;
		};
/* End PBXTargetDependency section */

/* Begin PBXVariantGroup section */
		5AE3556D2251B8B200C07D99 /* Main.storyboard */ = {
			isa = PBXVariantGroup;
			children = (
				5AE3556E2251B8B200C07D99 /* Base */,
			);
			name = Main.storyboard;
			sourceTree = "<group>";
		};
		5AE355752251B8B300C07D99 /* LaunchScreen.storyboard */ = {
			isa = PBXVariantGroup;
			children = (
				5AE355762251B8B300C07D99 /* Base */,
			);
			name = LaunchScreen.storyboard;
			sourceTree = "<group>";
		};
/* End PBXVariantGroup section */

/* Begin XCBuildConfiguration section */
		5AE355912251B8B300C07D99 /* Debug */ = {
			isa = XCBuildConfiguration;
			buildSettings = {
				ALWAYS_SEARCH_USER_PATHS = NO;
				CLANG_ANALYZER_NONNULL = YES;
				CLANG_ANALYZER_NUMBER_OBJECT_CONVERSION = YES_AGGRESSIVE;
				CLANG_CXX_LANGUAGE_STANDARD = "gnu++14";
				CLANG_CXX_LIBRARY = "libc++";
				CLANG_ENABLE_MODULES = YES;
				CLANG_ENABLE_OBJC_ARC = YES;
				CLANG_ENABLE_OBJC_WEAK = YES;
				CLANG_WARN_BLOCK_CAPTURE_AUTORELEASING = YES;
				CLANG_WARN_BOOL_CONVERSION = YES;
				CLANG_WARN_COMMA = YES;
				CLANG_WARN_CONSTANT_CONVERSION = YES;
				CLANG_WARN_DEPRECATED_OBJC_IMPLEMENTATIONS = YES;
				CLANG_WARN_DIRECT_OBJC_ISA_USAGE = YES_ERROR;
				CLANG_WARN_DOCUMENTATION_COMMENTS = YES;
				CLANG_WARN_EMPTY_BODY = YES;
				CLANG_WARN_ENUM_CONVERSION = YES;
				CLANG_WARN_INFINITE_RECURSION = YES;
				CLANG_WARN_INT_CONVERSION = YES;
				CLANG_WARN_NON_LITERAL_NULL_CONVERSION = YES;
				CLANG_WARN_OBJC_IMPLICIT_RETAIN_SELF = YES;
				CLANG_WARN_OBJC_LITERAL_CONVERSION = YES;
				CLANG_WARN_OBJC_ROOT_CLASS = YES_ERROR;
				CLANG_WARN_RANGE_LOOP_ANALYSIS = YES;
				CLANG_WARN_STRICT_PROTOTYPES = YES;
				CLANG_WARN_SUSPICIOUS_MOVE = YES;
				CLANG_WARN_UNGUARDED_AVAILABILITY = YES_AGGRESSIVE;
				CLANG_WARN_UNREACHABLE_CODE = YES;
				CLANG_WARN__DUPLICATE_METHOD_MATCH = YES;
				CODE_SIGN_IDENTITY = "iPhone Developer";
				COPY_PHASE_STRIP = NO;
				DEBUG_INFORMATION_FORMAT = dwarf;
				ENABLE_STRICT_OBJC_MSGSEND = YES;
				ENABLE_TESTABILITY = YES;
				GCC_C_LANGUAGE_STANDARD = gnu11;
				GCC_DYNAMIC_NO_PIC = NO;
				GCC_NO_COMMON_BLOCKS = YES;
				GCC_OPTIMIZATION_LEVEL = 0;
				GCC_PREPROCESSOR_DEFINITIONS = (
					"DEBUG=1",
					"$(inherited)",
				);
				GCC_WARN_64_TO_32_BIT_CONVERSION = YES;
				GCC_WARN_ABOUT_RETURN_TYPE = YES_ERROR;
				GCC_WARN_UNDECLARED_SELECTOR = YES;
				GCC_WARN_UNINITIALIZED_AUTOS = YES_AGGRESSIVE;
				GCC_WARN_UNUSED_FUNCTION = YES;
				GCC_WARN_UNUSED_VARIABLE = YES;
				IPHONEOS_DEPLOYMENT_TARGET = 12.2;
				MTL_ENABLE_DEBUG_INFO = INCLUDE_SOURCE;
				MTL_FAST_MATH = YES;
				ONLY_ACTIVE_ARCH = YES;
				SDKROOT = iphoneos;
			};
			name = Debug;
		};
		5AE355922251B8B300C07D99 /* Release */ = {
			isa = XCBuildConfiguration;
			buildSettings = {
				ALWAYS_SEARCH_USER_PATHS = NO;
				CLANG_ANALYZER_NONNULL = YES;
				CLANG_ANALYZER_NUMBER_OBJECT_CONVERSION = YES_AGGRESSIVE;
				CLANG_CXX_LANGUAGE_STANDARD = "gnu++14";
				CLANG_CXX_LIBRARY = "libc++";
				CLANG_ENABLE_MODULES = YES;
				CLANG_ENABLE_OBJC_ARC = YES;
				CLANG_ENABLE_OBJC_WEAK = YES;
				CLANG_WARN_BLOCK_CAPTURE_AUTORELEASING = YES;
				CLANG_WARN_BOOL_CONVERSION = YES;
				CLANG_WARN_COMMA = YES;
				CLANG_WARN_CONSTANT_CONVERSION = YES;
				CLANG_WARN_DEPRECATED_OBJC_IMPLEMENTATIONS = YES;
				CLANG_WARN_DIRECT_OBJC_ISA_USAGE = YES_ERROR;
				CLANG_WARN_DOCUMENTATION_COMMENTS = YES;
				CLANG_WARN_EMPTY_BODY = YES;
				CLANG_WARN_ENUM_CONVERSION = YES;
				CLANG_WARN_INFINITE_RECURSION = YES;
				CLANG_WARN_INT_CONVERSION = YES;
				CLANG_WARN_NON_LITERAL_NULL_CONVERSION = YES;
				CLANG_WARN_OBJC_IMPLICIT_RETAIN_SELF = YES;
				CLANG_WARN_OBJC_LITERAL_CONVERSION = YES;
				CLANG_WARN_OBJC_ROOT_CLASS = YES_ERROR;
				CLANG_WARN_RANGE_LOOP_ANALYSIS = YES;
				CLANG_WARN_STRICT_PROTOTYPES = YES;
				CLANG_WARN_SUSPICIOUS_MOVE = YES;
				CLANG_WARN_UNGUARDED_AVAILABILITY = YES_AGGRESSIVE;
				CLANG_WARN_UNREACHABLE_CODE = YES;
				CLANG_WARN__DUPLICATE_METHOD_MATCH = YES;
				CODE_SIGN_IDENTITY = "iPhone Developer";
				COPY_PHASE_STRIP = NO;
				DEBUG_INFORMATION_FORMAT = "dwarf-with-dsym";
				ENABLE_NS_ASSERTIONS = NO;
				ENABLE_STRICT_OBJC_MSGSEND = YES;
				GCC_C_LANGUAGE_STANDARD = gnu11;
				GCC_NO_COMMON_BLOCKS = YES;
				GCC_WARN_64_TO_32_BIT_CONVERSION = YES;
				GCC_WARN_ABOUT_RETURN_TYPE = YES_ERROR;
				GCC_WARN_UNDECLARED_SELECTOR = YES;
				GCC_WARN_UNINITIALIZED_AUTOS = YES_AGGRESSIVE;
				GCC_WARN_UNUSED_FUNCTION = YES;
				GCC_WARN_UNUSED_VARIABLE = YES;
				IPHONEOS_DEPLOYMENT_TARGET = 12.2;
				MTL_ENABLE_DEBUG_INFO = NO;
				MTL_FAST_MATH = YES;
				SDKROOT = iphoneos;
				VALIDATE_PRODUCT = YES;
			};
			name = Release;
		};
		5AE355942251B8B300C07D99 /* Debug */ = {
			isa = XCBuildConfiguration;
			buildSettings = {
				ASSETCATALOG_COMPILER_APPICON_NAME = AppIcon;
				CODE_SIGN_STYLE = Automatic;
				DEVELOPMENT_TEAM = N49T88F69F;
				INFOPLIST_FILE = "Section21.121(PhoneCall)/Info.plist";
				LD_RUNPATH_SEARCH_PATHS = (
					"$(inherited)",
					"@executable_path/Frameworks",
				);
				PRODUCT_BUNDLE_IDENTIFIER = "com.Section21-121-PhoneCall-";
				PRODUCT_NAME = "$(TARGET_NAME)";
				TARGETED_DEVICE_FAMILY = "1,2";
			};
			name = Debug;
		};
		5AE355952251B8B300C07D99 /* Release */ = {
			isa = XCBuildConfiguration;
			buildSettings = {
				ASSETCATALOG_COMPILER_APPICON_NAME = AppIcon;
				CODE_SIGN_STYLE = Automatic;
				DEVELOPMENT_TEAM = N49T88F69F;
				INFOPLIST_FILE = "Section21.121(PhoneCall)/Info.plist";
				LD_RUNPATH_SEARCH_PATHS = (
					"$(inherited)",
					"@executable_path/Frameworks",
				);
				PRODUCT_BUNDLE_IDENTIFIER = "com.Section21-121-PhoneCall-";
				PRODUCT_NAME = "$(TARGET_NAME)";
				TARGETED_DEVICE_FAMILY = "1,2";
			};
			name = Release;
		};
		5AE355972251B8B300C07D99 /* Debug */ = {
			isa = XCBuildConfiguration;
			buildSettings = {
				BUNDLE_LOADER = "$(TEST_HOST)";
				CODE_SIGN_STYLE = Automatic;
				DEVELOPMENT_TEAM = N49T88F69F;
				INFOPLIST_FILE = "Section21.121(PhoneCall)Tests/Info.plist";
				LD_RUNPATH_SEARCH_PATHS = (
					"$(inherited)",
					"@executable_path/Frameworks",
					"@loader_path/Frameworks",
				);
				PRODUCT_BUNDLE_IDENTIFIER = "com.Section21-121-PhoneCall-Tests";
				PRODUCT_NAME = "$(TARGET_NAME)";
				TARGETED_DEVICE_FAMILY = "1,2";
				TEST_HOST = "$(BUILT_PRODUCTS_DIR)/Section21.121(PhoneCall).app/Section21.121(PhoneCall)";
			};
			name = Debug;
		};
		5AE355982251B8B300C07D99 /* Release */ = {
			isa = XCBuildConfiguration;
			buildSettings = {
				BUNDLE_LOADER = "$(TEST_HOST)";
				CODE_SIGN_STYLE = Automatic;
				DEVELOPMENT_TEAM = N49T88F69F;
				INFOPLIST_FILE = "Section21.121(PhoneCall)Tests/Info.plist";
				LD_RUNPATH_SEARCH_PATHS = (
					"$(inherited)",
					"@executable_path/Frameworks",
					"@loader_path/Frameworks",
				);
				PRODUCT_BUNDLE_IDENTIFIER = "com.Section21-121-PhoneCall-Tests";
				PRODUCT_NAME = "$(TARGET_NAME)";
				TARGETED_DEVICE_FAMILY = "1,2";
				TEST_HOST = "$(BUILT_PRODUCTS_DIR)/Section21.121(PhoneCall).app/Section21.121(PhoneCall)";
			};
			name = Release;
		};
		5AE3559A2251B8B300C07D99 /* Debug */ = {
			isa = XCBuildConfiguration;
			buildSettings = {
				CODE_SIGN_STYLE = Automatic;
				DEVELOPMENT_TEAM = N49T88F69F;
				INFOPLIST_FILE = "Section21.121(PhoneCall)UITests/Info.plist";
				LD_RUNPATH_SEARCH_PATHS = (
					"$(inherited)",
					"@executable_path/Frameworks",
					"@loader_path/Frameworks",
				);
				PRODUCT_BUNDLE_IDENTIFIER = "com.Section21-121-PhoneCall-UITests";
				PRODUCT_NAME = "$(TARGET_NAME)";
				TARGETED_DEVICE_FAMILY = "1,2";
				TEST_TARGET_NAME = "Section21.121(PhoneCall)";
			};
			name = Debug;
		};
		5AE3559B2251B8B300C07D99 /* Release */ = {
			isa = XCBuildConfiguration;
			buildSettings = {
				CODE_SIGN_STYLE = Automatic;
				DEVELOPMENT_TEAM = N49T88F69F;
				INFOPLIST_FILE = "Section21.121(PhoneCall)UITests/Info.plist";
				LD_RUNPATH_SEARCH_PATHS = (
					"$(inherited)",
					"@executable_path/Frameworks",
					"@loader_path/Frameworks",
				);
				PRODUCT_BUNDLE_IDENTIFIER = "com.Section21-121-PhoneCall-UITests";
				PRODUCT_NAME = "$(TARGET_NAME)";
				TARGETED_DEVICE_FAMILY = "1,2";
				TEST_TARGET_NAME = "Section21.121(PhoneCall)";
			};
			name = Release;
		};
/* End XCBuildConfiguration section */

/* Begin XCConfigurationList section */
		5AE3555F2251B8B200C07D99 /* Build configuration list for PBXProject "Section21.121(PhoneCall)" */ = {
			isa = XCConfigurationList;
			buildConfigurations = (
				5AE355912251B8B300C07D99 /* Debug */,
				5AE355922251B8B300C07D99 /* Release */,
			);
			defaultConfigurationIsVisible = 0;
			defaultConfigurationName = Release;
		};
		5AE355932251B8B300C07D99 /* Build configuration list for PBXNativeTarget "Section21.121(PhoneCall)" */ = {
			isa = XCConfigurationList;
			buildConfigurations = (
				5AE355942251B8B300C07D99 /* Debug */,
				5AE355952251B8B300C07D99 /* Release */,
			);
			defaultConfigurationIsVisible = 0;
			defaultConfigurationName = Release;
		};
		5AE355962251B8B300C07D99 /* Build configuration list for PBXNativeTarget "Section21.121(PhoneCall)Tests" */ = {
			isa = XCConfigurationList;
			buildConfigurations = (
				5AE355972251B8B300C07D99 /* Debug */,
				5AE355982251B8B300C07D99 /* Release */,
			);
			defaultConfigurationIsVisible = 0;
			defaultConfigurationName = Release;
		};
		5AE355992251B8B300C07D99 /* Build configuration list for PBXNativeTarget "Section21.121(PhoneCall)UITests" */ = {
			isa = XCConfigurationList;
			buildConfigurations = (
				5AE3559A2251B8B300C07D99 /* Debug */,
				5AE3559B2251B8B300C07D99 /* Release */,
			);
			defaultConfigurationIsVisible = 0;
			defaultConfigurationName = Release;
		};
/* End XCConfigurationList section */

/* Begin XCVersionGroup section */
		5AE355702251B8B200C07D99 /* Section21_121_PhoneCall_.xcdatamodeld */ = {
			isa = XCVersionGroup;
			children = (
				5AE355712251B8B200C07D99 /* Section21_121_PhoneCall_.xcdatamodel */,
			);
			currentVersion = 5AE355712251B8B200C07D99 /* Section21_121_PhoneCall_.xcdatamodel */;
			path = Section21_121_PhoneCall_.xcdatamodeld;
			sourceTree = "<group>";
			versionGroupType = wrapper.xcdatamodel;
		};
/* End XCVersionGroup section */
	};
	rootObject = 5AE3555C2251B8B200C07D99 /* Project object */;
}
