// !$*UTF8*$!
{
	archiveVersion = 1;
	classes = {
	};
	objectVersion = 50;
	objects = {

/* Begin PBXBuildFile section */
		5A4E68CF224BBD3E00792245 /* AppDelegate.m in Sources */ = {isa = PBXBuildFile; fileRef = 5A4E68CE224BBD3E00792245 /* AppDelegate.m */; };
		5A4E68D5224BBD3E00792245 /* Main.storyboard in Resources */ = {isa = PBXBuildFile; fileRef = 5A4E68D3224BBD3E00792245 /* Main.storyboard */; };
		5A4E68D8224BBD3E00792245 /* Section13.xcdatamodeld in Sources */ = {isa = PBXBuildFile; fileRef = 5A4E68D6224BBD3E00792245 /* Section13.xcdatamodeld */; };
		5A4E68DA224BBD3F00792245 /* Assets.xcassets in Resources */ = {isa = PBXBuildFile; fileRef = 5A4E68D9224BBD3F00792245 /* Assets.xcassets */; };
		5A4E68DD224BBD3F00792245 /* LaunchScreen.storyboard in Resources */ = {isa = PBXBuildFile; fileRef = 5A4E68DB224BBD3F00792245 /* LaunchScreen.storyboard */; };
		5A4E68E0224BBD3F00792245 /* main.m in Sources */ = {isa = PBXBuildFile; fileRef = 5A4E68DF224BBD3F00792245 /* main.m */; };
		5A4E68EA224BBD3F00792245 /* Section13Tests.m in Sources */ = {isa = PBXBuildFile; fileRef = 5A4E68E9224BBD3F00792245 /* Section13Tests.m */; };
		5A4E68F5224BBD3F00792245 /* Section13UITests.m in Sources */ = {isa = PBXBuildFile; fileRef = 5A4E68F4224BBD3F00792245 /* Section13UITests.m */; };
		5A4E6904224BBD8300792245 /* DisplayingImagesOnScreenViewController.m in Sources */ = {isa = PBXBuildFile; fileRef = 5A4E6903224BBD8300792245 /* DisplayingImagesOnScreenViewController.m */; };
/* End PBXBuildFile section */

/* Begin PBXContainerItemProxy section */
		5A4E68E6224BBD3F00792245 /* PBXContainerItemProxy */ = {
			isa = PBXContainerItemProxy;
			containerPortal = 5A4E68C2224BBD3E00792245 /* Project object */;
			proxyType = 1;
			remoteGlobalIDString = 5A4E68C9224BBD3E00792245;
			remoteInfo = Section13;
		};
		5A4E68F1224BBD3F00792245 /* PBXContainerItemProxy */ = {
			isa = PBXContainerItemProxy;
			containerPortal = 5A4E68C2224BBD3E00792245 /* Project object */;
			proxyType = 1;
			remoteGlobalIDString = 5A4E68C9224BBD3E00792245;
			remoteInfo = Section13;
		};
/* End PBXContainerItemProxy section */

/* Begin PBXFileReference section */
		5A4E68CA224BBD3E00792245 /* Section13.app */ = {isa = PBXFileReference; explicitFileType = wrapper.application; includeInIndex = 0; path = Section13.app; sourceTree = BUILT_PRODUCTS_DIR; };
		5A4E68CD224BBD3E00792245 /* AppDelegate.h */ = {isa = PBXFileReference; lastKnownFileType = sourcecode.c.h; path = AppDelegate.h; sourceTree = "<group>"; };
		5A4E68CE224BBD3E00792245 /* AppDelegate.m */ = {isa = PBXFileReference; lastKnownFileType = sourcecode.c.objc; path = AppDelegate.m; sourceTree = "<group>"; };
		5A4E68D4224BBD3E00792245 /* Base */ = {isa = PBXFileReference; lastKnownFileType = file.storyboard; name = Base; path = Base.lproj/Main.storyboard; sourceTree = "<group>"; };
		5A4E68D7224BBD3E00792245 /* Section13.xcdatamodel */ = {isa = PBXFileReference; lastKnownFileType = wrapper.xcdatamodel; path = Section13.xcdatamodel; sourceTree = "<group>"; };
		5A4E68D9224BBD3F00792245 /* Assets.xcassets */ = {isa = PBXFileReference; lastKnownFileType = folder.assetcatalog; path = Assets.xcassets; sourceTree = "<group>"; };
		5A4E68DC224BBD3F00792245 /* Base */ = {isa = PBXFileReference; lastKnownFileType = file.storyboard; name = Base; path = Base.lproj/LaunchScreen.storyboard; sourceTree = "<group>"; };
		5A4E68DE224BBD3F00792245 /* Info.plist */ = {isa = PBXFileReference; lastKnownFileType = text.plist.xml; path = Info.plist; sourceTree = "<group>"; };
		5A4E68DF224BBD3F00792245 /* main.m */ = {isa = PBXFileReference; lastKnownFileType = sourcecode.c.objc; path = main.m; sourceTree = "<group>"; };
		5A4E68E5224BBD3F00792245 /* Section13Tests.xctest */ = {isa = PBXFileReference; explicitFileType = wrapper.cfbundle; includeInIndex = 0; path = Section13Tests.xctest; sourceTree = BUILT_PRODUCTS_DIR; };
		5A4E68E9224BBD3F00792245 /* Section13Tests.m */ = {isa = PBXFileReference; lastKnownFileType = sourcecode.c.objc; path = Section13Tests.m; sourceTree = "<group>"; };
		5A4E68EB224BBD3F00792245 /* Info.plist */ = {isa = PBXFileReference; lastKnownFileType = text.plist.xml; path = Info.plist; sourceTree = "<group>"; };
		5A4E68F0224BBD3F00792245 /* Section13UITests.xctest */ = {isa = PBXFileReference; explicitFileType = wrapper.cfbundle; includeInIndex = 0; path = Section13UITests.xctest; sourceTree = BUILT_PRODUCTS_DIR; };
		5A4E68F4224BBD3F00792245 /* Section13UITests.m */ = {isa = PBXFileReference; lastKnownFileType = sourcecode.c.objc; path = Section13UITests.m; sourceTree = "<group>"; };
		5A4E68F6224BBD3F00792245 /* Info.plist */ = {isa = PBXFileReference; lastKnownFileType = text.plist.xml; path = Info.plist; sourceTree = "<group>"; };
		5A4E6902224BBD8300792245 /* DisplayingImagesOnScreenViewController.h */ = {isa = PBXFileReference; lastKnownFileType = sourcecode.c.h; path = DisplayingImagesOnScreenViewController.h; sourceTree = "<group>"; };
		5A4E6903224BBD8300792245 /* DisplayingImagesOnScreenViewController.m */ = {isa = PBXFileReference; lastKnownFileType = sourcecode.c.objc; path = DisplayingImagesOnScreenViewController.m; sourceTree = "<group>"; };
/* End PBXFileReference section */

/* Begin PBXFrameworksBuildPhase section */
		5A4E68C7224BBD3E00792245 /* Frameworks */ = {
			isa = PBXFrameworksBuildPhase;
			buildActionMask = 2147483647;
			files = (
			);
			runOnlyForDeploymentPostprocessing = 0;
		};
		5A4E68E2224BBD3F00792245 /* Frameworks */ = {
			isa = PBXFrameworksBuildPhase;
			buildActionMask = 2147483647;
			files = (
			);
			runOnlyForDeploymentPostprocessing = 0;
		};
		5A4E68ED224BBD3F00792245 /* Frameworks */ = {
			isa = PBXFrameworksBuildPhase;
			buildActionMask = 2147483647;
			files = (
			);
			runOnlyForDeploymentPostprocessing = 0;
		};
/* End PBXFrameworksBuildPhase section */

/* Begin PBXGroup section */
		5A4E68C1224BBD3E00792245 = {
			isa = PBXGroup;
			children = (
				5A4E68CC224BBD3E00792245 /* Section13 */,
				5A4E68E8224BBD3F00792245 /* Section13Tests */,
				5A4E68F3224BBD3F00792245 /* Section13UITests */,
				5A4E68CB224BBD3E00792245 /* Products */,
			);
			sourceTree = "<group>";
		};
		5A4E68CB224BBD3E00792245 /* Products */ = {
			isa = PBXGroup;
			children = (
				5A4E68CA224BBD3E00792245 /* Section13.app */,
				5A4E68E5224BBD3F00792245 /* Section13Tests.xctest */,
				5A4E68F0224BBD3F00792245 /* Section13UITests.xctest */,
			);
			name = Products;
			sourceTree = "<group>";
		};
		5A4E68CC224BBD3E00792245 /* Section13 */ = {
			isa = PBXGroup;
			children = (
				5A4E68CD224BBD3E00792245 /* AppDelegate.h */,
				5A4E68CE224BBD3E00792245 /* AppDelegate.m */,
				5A4E68D3224BBD3E00792245 /* Main.storyboard */,
				5A4E68D9224BBD3F00792245 /* Assets.xcassets */,
				5A4E68DB224BBD3F00792245 /* LaunchScreen.storyboard */,
				5A4E6902224BBD8300792245 /* DisplayingImagesOnScreenViewController.h */,
				5A4E6903224BBD8300792245 /* DisplayingImagesOnScreenViewController.m */,
				5A4E68DE224BBD3F00792245 /* Info.plist */,
				5A4E68DF224BBD3F00792245 /* main.m */,
				5A4E68D6224BBD3E00792245 /* Section13.xcdatamodeld */,
			);
			path = Section13;
			sourceTree = "<group>";
		};
		5A4E68E8224BBD3F00792245 /* Section13Tests */ = {
			isa = PBXGroup;
			children = (
				5A4E68E9224BBD3F00792245 /* Section13Tests.m */,
				5A4E68EB224BBD3F00792245 /* Info.plist */,
			);
			path = Section13Tests;
			sourceTree = "<group>";
		};
		5A4E68F3224BBD3F00792245 /* Section13UITests */ = {
			isa = PBXGroup;
			children = (
				5A4E68F4224BBD3F00792245 /* Section13UITests.m */,
				5A4E68F6224BBD3F00792245 /* Info.plist */,
			);
			path = Section13UITests;
			sourceTree = "<group>";
		};
/* End PBXGroup section */

/* Begin PBXNativeTarget section */
		5A4E68C9224BBD3E00792245 /* Section13 */ = {
			isa = PBXNativeTarget;
			buildConfigurationList = 5A4E68F9224BBD3F00792245 /* Build configuration list for PBXNativeTarget "Section13" */;
			buildPhases = (
				5A4E68C6224BBD3E00792245 /* Sources */,
				5A4E68C7224BBD3E00792245 /* Frameworks */,
				5A4E68C8224BBD3E00792245 /* Resources */,
			);
			buildRules = (
			);
			dependencies = (
			);
			name = Section13;
			productName = Section13;
			productReference = 5A4E68CA224BBD3E00792245 /* Section13.app */;
			productType = "com.apple.product-type.application";
		};
		5A4E68E4224BBD3F00792245 /* Section13Tests */ = {
			isa = PBXNativeTarget;
			buildConfigurationList = 5A4E68FC224BBD3F00792245 /* Build configuration list for PBXNativeTarget "Section13Tests" */;
			buildPhases = (
				5A4E68E1224BBD3F00792245 /* Sources */,
				5A4E68E2224BBD3F00792245 /* Frameworks */,
				5A4E68E3224BBD3F00792245 /* Resources */,
			);
			buildRules = (
			);
			dependencies = (
				5A4E68E7224BBD3F00792245 /* PBXTargetDependency */,
			);
			name = Section13Tests;
			productName = Section13Tests;
			productReference = 5A4E68E5224BBD3F00792245 /* Section13Tests.xctest */;
			productType = "com.apple.product-type.bundle.unit-test";
		};
		5A4E68EF224BBD3F00792245 /* Section13UITests */ = {
			isa = PBXNativeTarget;
			buildConfigurationList = 5A4E68FF224BBD3F00792245 /* Build configuration list for PBXNativeTarget "Section13UITests" */;
			buildPhases = (
				5A4E68EC224BBD3F00792245 /* Sources */,
				5A4E68ED224BBD3F00792245 /* Frameworks */,
				5A4E68EE224BBD3F00792245 /* Resources */,
			);
			buildRules = (
			);
			dependencies = (
				5A4E68F2224BBD3F00792245 /* PBXTargetDependency */,
			);
			name = Section13UITests;
			productName = Section13UITests;
			productReference = 5A4E68F0224BBD3F00792245 /* Section13UITests.xctest */;
			productType = "com.apple.product-type.bundle.ui-testing";
		};
/* End PBXNativeTarget section */

/* Begin PBXProject section */
		5A4E68C2224BBD3E00792245 /* Project object */ = {
			isa = PBXProject;
			attributes = {
				LastUpgradeCheck = 1020;
				ORGANIZATIONNAME = YS;
				TargetAttributes = {
					5A4E68C9224BBD3E00792245 = {
						CreatedOnToolsVersion = 10.2;
					};
					5A4E68E4224BBD3F00792245 = {
						CreatedOnToolsVersion = 10.2;
						TestTargetID = 5A4E68C9224BBD3E00792245;
					};
					5A4E68EF224BBD3F00792245 = {
						CreatedOnToolsVersion = 10.2;
						TestTargetID = 5A4E68C9224BBD3E00792245;
					};
				};
			};
			buildConfigurationList = 5A4E68C5224BBD3E00792245 /* Build configuration list for PBXProject "Section13" */;
			compatibilityVersion = "Xcode 9.3";
			developmentRegion = en;
			hasScannedForEncodings = 0;
			knownRegions = (
				en,
				Base,
			);
			mainGroup = 5A4E68C1224BBD3E00792245;
			productRefGroup = 5A4E68CB224BBD3E00792245 /* Products */;
			projectDirPath = "";
			projectRoot = "";
			targets = (
				5A4E68C9224BBD3E00792245 /* Section13 */,
				5A4E68E4224BBD3F00792245 /* Section13Tests */,
				5A4E68EF224BBD3F00792245 /* Section13UITests */,
			);
		};
/* End PBXProject section */

/* Begin PBXResourcesBuildPhase section */
		5A4E68C8224BBD3E00792245 /* Resources */ = {
			isa = PBXResourcesBuildPhase;
			buildActionMask = 2147483647;
			files = (
				5A4E68DD224BBD3F00792245 /* LaunchScreen.storyboard in Resources */,
				5A4E68DA224BBD3F00792245 /* Assets.xcassets in Resources */,
				5A4E68D5224BBD3E00792245 /* Main.storyboard in Resources */,
			);
			runOnlyForDeploymentPostprocessing = 0;
		};
		5A4E68E3224BBD3F00792245 /* Resources */ = {
			isa = PBXResourcesBuildPhase;
			buildActionMask = 2147483647;
			files = (
			);
			runOnlyForDeploymentPostprocessing = 0;
		};
		5A4E68EE224BBD3F00792245 /* Resources */ = {
			isa = PBXResourcesBuildPhase;
			buildActionMask = 2147483647;
			files = (
			);
			runOnlyForDeploymentPostprocessing = 0;
		};
/* End PBXResourcesBuildPhase section */

/* Begin PBXSourcesBuildPhase section */
		5A4E68C6224BBD3E00792245 /* Sources */ = {
			isa = PBXSourcesBuildPhase;
			buildActionMask = 2147483647;
			files = (
				5A4E68D8224BBD3E00792245 /* Section13.xcdatamodeld in Sources */,
				5A4E6904224BBD8300792245 /* DisplayingImagesOnScreenViewController.m in Sources */,
				5A4E68E0224BBD3F00792245 /* main.m in Sources */,
				5A4E68CF224BBD3E00792245 /* AppDelegate.m in Sources */,
			);
			runOnlyForDeploymentPostprocessing = 0;
		};
		5A4E68E1224BBD3F00792245 /* Sources */ = {
			isa = PBXSourcesBuildPhase;
			buildActionMask = 2147483647;
			files = (
				5A4E68EA224BBD3F00792245 /* Section13Tests.m in Sources */,
			);
			runOnlyForDeploymentPostprocessing = 0;
		};
		5A4E68EC224BBD3F00792245 /* Sources */ = {
			isa = PBXSourcesBuildPhase;
			buildActionMask = 2147483647;
			files = (
				5A4E68F5224BBD3F00792245 /* Section13UITests.m in Sources */,
			);
			runOnlyForDeploymentPostprocessing = 0;
		};
/* End PBXSourcesBuildPhase section */

/* Begin PBXTargetDependency section */
		5A4E68E7224BBD3F00792245 /* PBXTargetDependency */ = {
			isa = PBXTargetDependency;
			target = 5A4E68C9224BBD3E00792245 /* Section13 */;
			targetProxy = 5A4E68E6224BBD3F00792245 /* PBXContainerItemProxy */;
		};
		5A4E68F2224BBD3F00792245 /* PBXTargetDependency */ = {
			isa = PBXTargetDependency;
			target = 5A4E68C9224BBD3E00792245 /* Section13 */;
			targetProxy = 5A4E68F1224BBD3F00792245 /* PBXContainerItemProxy */;
		};
/* End PBXTargetDependency section */

/* Begin PBXVariantGroup section */
		5A4E68D3224BBD3E00792245 /* Main.storyboard */ = {
			isa = PBXVariantGroup;
			children = (
				5A4E68D4224BBD3E00792245 /* Base */,
			);
			name = Main.storyboard;
			sourceTree = "<group>";
		};
		5A4E68DB224BBD3F00792245 /* LaunchScreen.storyboard */ = {
			isa = PBXVariantGroup;
			children = (
				5A4E68DC224BBD3F00792245 /* Base */,
			);
			name = LaunchScreen.storyboard;
			sourceTree = "<group>";
		};
/* End PBXVariantGroup section */

/* Begin XCBuildConfiguration section */
		5A4E68F7224BBD3F00792245 /* Debug */ = {
			isa = XCBuildConfiguration;
			buildSettings = {
				ALWAYS_SEARCH_USER_PATHS = NO;
				CLANG_ANALYZER_NONNULL = YES;
				CLANG_ANALYZER_NUMBER_OBJECT_CONVERSION = YES_AGGRESSIVE;
				CLANG_CXX_LANGUAGE_STANDARD = "gnu++14";
				CLANG_CXX_LIBRARY = "libc++";
				CLANG_ENABLE_MODULES = YES;
				CLANG_ENABLE_OBJC_ARC = YES;
				CLANG_ENABLE_OBJC_WEAK = YES;
				CLANG_WARN_BLOCK_CAPTURE_AUTORELEASING = YES;
				CLANG_WARN_BOOL_CONVERSION = YES;
				CLANG_WARN_COMMA = YES;
				CLANG_WARN_CONSTANT_CONVERSION = YES;
				CLANG_WARN_DEPRECATED_OBJC_IMPLEMENTATIONS = YES;
				CLANG_WARN_DIRECT_OBJC_ISA_USAGE = YES_ERROR;
				CLANG_WARN_DOCUMENTATION_COMMENTS = YES;
				CLANG_WARN_EMPTY_BODY = YES;
				CLANG_WARN_ENUM_CONVERSION = YES;
				CLANG_WARN_INFINITE_RECURSION = YES;
				CLANG_WARN_INT_CONVERSION = YES;
				CLANG_WARN_NON_LITERAL_NULL_CONVERSION = YES;
				CLANG_WARN_OBJC_IMPLICIT_RETAIN_SELF = YES;
				CLANG_WARN_OBJC_LITERAL_CONVERSION = YES;
				CLANG_WARN_OBJC_ROOT_CLASS = YES_ERROR;
				CLANG_WARN_RANGE_LOOP_ANALYSIS = YES;
				CLANG_WARN_STRICT_PROTOTYPES = YES;
				CLANG_WARN_SUSPICIOUS_MOVE = YES;
				CLANG_WARN_UNGUARDED_AVAILABILITY = YES_AGGRESSIVE;
				CLANG_WARN_UNREACHABLE_CODE = YES;
				CLANG_WARN__DUPLICATE_METHOD_MATCH = YES;
				CODE_SIGN_IDENTITY = "iPhone Developer";
				COPY_PHASE_STRIP = NO;
				DEBUG_INFORMATION_FORMAT = dwarf;
				ENABLE_STRICT_OBJC_MSGSEND = YES;
				ENABLE_TESTABILITY = YES;
				GCC_C_LANGUAGE_STANDARD = gnu11;
				GCC_DYNAMIC_NO_PIC = NO;
				GCC_NO_COMMON_BLOCKS = YES;
				GCC_OPTIMIZATION_LEVEL = 0;
				GCC_PREPROCESSOR_DEFINITIONS = (
					"DEBUG=1",
					"$(inherited)",
				);
				GCC_WARN_64_TO_32_BIT_CONVERSION = YES;
				GCC_WARN_ABOUT_RETURN_TYPE = YES_ERROR;
				GCC_WARN_UNDECLARED_SELECTOR = YES;
				GCC_WARN_UNINITIALIZED_AUTOS = YES_AGGRESSIVE;
				GCC_WARN_UNUSED_FUNCTION = YES;
				GCC_WARN_UNUSED_VARIABLE = YES;
				IPHONEOS_DEPLOYMENT_TARGET = 12.2;
				MTL_ENABLE_DEBUG_INFO = INCLUDE_SOURCE;
				MTL_FAST_MATH = YES;
				ONLY_ACTIVE_ARCH = YES;
				SDKROOT = iphoneos;
			};
			name = Debug;
		};
		5A4E68F8224BBD3F00792245 /* Release */ = {
			isa = XCBuildConfiguration;
			buildSettings = {
				ALWAYS_SEARCH_USER_PATHS = NO;
				CLANG_ANALYZER_NONNULL = YES;
				CLANG_ANALYZER_NUMBER_OBJECT_CONVERSION = YES_AGGRESSIVE;
				CLANG_CXX_LANGUAGE_STANDARD = "gnu++14";
				CLANG_CXX_LIBRARY = "libc++";
				CLANG_ENABLE_MODULES = YES;
				CLANG_ENABLE_OBJC_ARC = YES;
				CLANG_ENABLE_OBJC_WEAK = YES;
				CLANG_WARN_BLOCK_CAPTURE_AUTORELEASING = YES;
				CLANG_WARN_BOOL_CONVERSION = YES;
				CLANG_WARN_COMMA = YES;
				CLANG_WARN_CONSTANT_CONVERSION = YES;
				CLANG_WARN_DEPRECATED_OBJC_IMPLEMENTATIONS = YES;
				CLANG_WARN_DIRECT_OBJC_ISA_USAGE = YES_ERROR;
				CLANG_WARN_DOCUMENTATION_COMMENTS = YES;
				CLANG_WARN_EMPTY_BODY = YES;
				CLANG_WARN_ENUM_CONVERSION = YES;
				CLANG_WARN_INFINITE_RECURSION = YES;
				CLANG_WARN_INT_CONVERSION = YES;
				CLANG_WARN_NON_LITERAL_NULL_CONVERSION = YES;
				CLANG_WARN_OBJC_IMPLICIT_RETAIN_SELF = YES;
				CLANG_WARN_OBJC_LITERAL_CONVERSION = YES;
				CLANG_WARN_OBJC_ROOT_CLASS = YES_ERROR;
				CLANG_WARN_RANGE_LOOP_ANALYSIS = YES;
				CLANG_WARN_STRICT_PROTOTYPES = YES;
				CLANG_WARN_SUSPICIOUS_MOVE = YES;
				CLANG_WARN_UNGUARDED_AVAILABILITY = YES_AGGRESSIVE;
				CLANG_WARN_UNREACHABLE_CODE = YES;
				CLANG_WARN__DUPLICATE_METHOD_MATCH = YES;
				CODE_SIGN_IDENTITY = "iPhone Developer";
				COPY_PHASE_STRIP = NO;
				DEBUG_INFORMATION_FORMAT = "dwarf-with-dsym";
				ENABLE_NS_ASSERTIONS = NO;
				ENABLE_STRICT_OBJC_MSGSEND = YES;
				GCC_C_LANGUAGE_STANDARD = gnu11;
				GCC_NO_COMMON_BLOCKS = YES;
				GCC_WARN_64_TO_32_BIT_CONVERSION = YES;
				GCC_WARN_ABOUT_RETURN_TYPE = YES_ERROR;
				GCC_WARN_UNDECLARED_SELECTOR = YES;
				GCC_WARN_UNINITIALIZED_AUTOS = YES_AGGRESSIVE;
				GCC_WARN_UNUSED_FUNCTION = YES;
				GCC_WARN_UNUSED_VARIABLE = YES;
				IPHONEOS_DEPLOYMENT_TARGET = 12.2;
				MTL_ENABLE_DEBUG_INFO = NO;
				MTL_FAST_MATH = YES;
				SDKROOT = iphoneos;
				VALIDATE_PRODUCT = YES;
			};
			name = Release;
		};
		5A4E68FA224BBD3F00792245 /* Debug */ = {
			isa = XCBuildConfiguration;
			buildSettings = {
				ASSETCATALOG_COMPILER_APPICON_NAME = AppIcon;
				CODE_SIGN_STYLE = Automatic;
				DEVELOPMENT_TEAM = N49T88F69F;
				INFOPLIST_FILE = Section13/Info.plist;
				LD_RUNPATH_SEARCH_PATHS = (
					"$(inherited)",
					"@executable_path/Frameworks",
				);
				PRODUCT_BUNDLE_IDENTIFIER = com.Section13;
				PRODUCT_NAME = "$(TARGET_NAME)";
				TARGETED_DEVICE_FAMILY = "1,2";
			};
			name = Debug;
		};
		5A4E68FB224BBD3F00792245 /* Release */ = {
			isa = XCBuildConfiguration;
			buildSettings = {
				ASSETCATALOG_COMPILER_APPICON_NAME = AppIcon;
				CODE_SIGN_STYLE = Automatic;
				DEVELOPMENT_TEAM = N49T88F69F;
				INFOPLIST_FILE = Section13/Info.plist;
				LD_RUNPATH_SEARCH_PATHS = (
					"$(inherited)",
					"@executable_path/Frameworks",
				);
				PRODUCT_BUNDLE_IDENTIFIER = com.Section13;
				PRODUCT_NAME = "$(TARGET_NAME)";
				TARGETED_DEVICE_FAMILY = "1,2";
			};
			name = Release;
		};
		5A4E68FD224BBD3F00792245 /* Debug */ = {
			isa = XCBuildConfiguration;
			buildSettings = {
				BUNDLE_LOADER = "$(TEST_HOST)";
				CODE_SIGN_STYLE = Automatic;
				DEVELOPMENT_TEAM = N49T88F69F;
				INFOPLIST_FILE = Section13Tests/Info.plist;
				LD_RUNPATH_SEARCH_PATHS = (
					"$(inherited)",
					"@executable_path/Frameworks",
					"@loader_path/Frameworks",
				);
				PRODUCT_BUNDLE_IDENTIFIER = com.Section13Tests;
				PRODUCT_NAME = "$(TARGET_NAME)";
				TARGETED_DEVICE_FAMILY = "1,2";
				TEST_HOST = "$(BUILT_PRODUCTS_DIR)/Section13.app/Section13";
			};
			name = Debug;
		};
		5A4E68FE224BBD3F00792245 /* Release */ = {
			isa = XCBuildConfiguration;
			buildSettings = {
				BUNDLE_LOADER = "$(TEST_HOST)";
				CODE_SIGN_STYLE = Automatic;
				DEVELOPMENT_TEAM = N49T88F69F;
				INFOPLIST_FILE = Section13Tests/Info.plist;
				LD_RUNPATH_SEARCH_PATHS = (
					"$(inherited)",
					"@executable_path/Frameworks",
					"@loader_path/Frameworks",
				);
				PRODUCT_BUNDLE_IDENTIFIER = com.Section13Tests;
				PRODUCT_NAME = "$(TARGET_NAME)";
				TARGETED_DEVICE_FAMILY = "1,2";
				TEST_HOST = "$(BUILT_PRODUCTS_DIR)/Section13.app/Section13";
			};
			name = Release;
		};
		5A4E6900224BBD3F00792245 /* Debug */ = {
			isa = XCBuildConfiguration;
			buildSettings = {
				CODE_SIGN_STYLE = Automatic;
				DEVELOPMENT_TEAM = N49T88F69F;
				INFOPLIST_FILE = Section13UITests/Info.plist;
				LD_RUNPATH_SEARCH_PATHS = (
					"$(inherited)",
					"@executable_path/Frameworks",
					"@loader_path/Frameworks",
				);
				PRODUCT_BUNDLE_IDENTIFIER = com.Section13UITests;
				PRODUCT_NAME = "$(TARGET_NAME)";
				TARGETED_DEVICE_FAMILY = "1,2";
				TEST_TARGET_NAME = Section13;
			};
			name = Debug;
		};
		5A4E6901224BBD3F00792245 /* Release */ = {
			isa = XCBuildConfiguration;
			buildSettings = {
				CODE_SIGN_STYLE = Automatic;
				DEVELOPMENT_TEAM = N49T88F69F;
				INFOPLIST_FILE = Section13UITests/Info.plist;
				LD_RUNPATH_SEARCH_PATHS = (
					"$(inherited)",
					"@executable_path/Frameworks",
					"@loader_path/Frameworks",
				);
				PRODUCT_BUNDLE_IDENTIFIER = com.Section13UITests;
				PRODUCT_NAME = "$(TARGET_NAME)";
				TARGETED_DEVICE_FAMILY = "1,2";
				TEST_TARGET_NAME = Section13;
			};
			name = Release;
		};
/* End XCBuildConfiguration section */

/* Begin XCConfigurationList section */
		5A4E68C5224BBD3E00792245 /* Build configuration list for PBXProject "Section13" */ = {
			isa = XCConfigurationList;
			buildConfigurations = (
				5A4E68F7224BBD3F00792245 /* Debug */,
				5A4E68F8224BBD3F00792245 /* Release */,
			);
			defaultConfigurationIsVisible = 0;
			defaultConfigurationName = Release;
		};
		5A4E68F9224BBD3F00792245 /* Build configuration list for PBXNativeTarget "Section13" */ = {
			isa = XCConfigurationList;
			buildConfigurations = (
				5A4E68FA224BBD3F00792245 /* Debug */,
				5A4E68FB224BBD3F00792245 /* Release */,
			);
			defaultConfigurationIsVisible = 0;
			defaultConfigurationName = Release;
		};
		5A4E68FC224BBD3F00792245 /* Build configuration list for PBXNativeTarget "Section13Tests" */ = {
			isa = XCConfigurationList;
			buildConfigurations = (
				5A4E68FD224BBD3F00792245 /* Debug */,
				5A4E68FE224BBD3F00792245 /* Release */,
			);
			defaultConfigurationIsVisible = 0;
			defaultConfigurationName = Release;
		};
		5A4E68FF224BBD3F00792245 /* Build configuration list for PBXNativeTarget "Section13UITests" */ = {
			isa = XCConfigurationList;
			buildConfigurations = (
				5A4E6900224BBD3F00792245 /* Debug */,
				5A4E6901224BBD3F00792245 /* Release */,
			);
			defaultConfigurationIsVisible = 0;
			defaultConfigurationName = Release;
		};
/* End XCConfigurationList section */

/* Begin XCVersionGroup section */
		5A4E68D6224BBD3E00792245 /* Section13.xcdatamodeld */ = {
			isa = XCVersionGroup;
			children = (
				5A4E68D7224BBD3E00792245 /* Section13.xcdatamodel */,
			);
			currentVersion = 5A4E68D7224BBD3E00792245 /* Section13.xcdatamodel */;
			path = Section13.xcdatamodeld;
			sourceTree = "<group>";
			versionGroupType = wrapper.xcdatamodel;
		};
/* End XCVersionGroup section */
	};
	rootObject = 5A4E68C2224BBD3E00792245 /* Project object */;
}
